
Microsoft Visual Studio Solution File, Format Version 11.00
# Visual Studio 2010
Project("{2150E333-8FDC-42A3-9474-1A3956D46DE8}") = "2.0", "2.0", "{8D6B8484-4026-4EDA-9783-163833659F26}"
EndProject
Project("{2150E333-8FDC-42A3-9474-1A3956D46DE8}") = "3.5", "3.5", "{BD387EB2-2BDB-407A-907D-87E5CB9529EB}"
EndProject
Project("{FAE04EC0-301F-11D3-BF4B-00C04F79EFBC}") = "RDH2.Install", "RDH2.Install\RDH2.Install.csproj", "{2780D88A-7A2B-4B35-BF54-39BB98544E94}"
EndProject
Project("{FAE04EC0-301F-11D3-BF4B-00C04F79EFBC}") = "RDH2.Instrumentation", "RDH2.Instrumentation\RDH2.Instrumentation.csproj", "{17CD90F5-BB6A-4DC5-82E0-CAE7C5471508}"
EndProject
Project("{FAE04EC0-301F-11D3-BF4B-00C04F79EFBC}") = "RDH2.Utilities", "RDH2.Utilities\RDH2.Utilities.csproj", "{F0A9386D-DE94-48E7-8447-BBC7682F3771}"
EndProject
Project("{FAE04EC0-301F-11D3-BF4B-00C04F79EFBC}") = "RDH2.Web", "RDH2.Web\RDH2.Web.csproj", "{85703A32-E1DA-4858-953D-D655FCD2D226}"
EndProject
Project("{FAE04EC0-301F-11D3-BF4B-00C04F79EFBC}") = "RDH2.Windows", "RDH2.Windows\RDH2.Windows.csproj", "{0E5CE415-F860-4640-9492-E857B0EE76A1}"
EndProject
Project("{FAE04EC0-301F-11D3-BF4B-00C04F79EFBC}") = "RDH2.Win32", "RDH2.Win32\RDH2.Win32.csproj", "{3368E937-66E2-440A-9589-A74E3EAAA591}"
EndProject
Project("{FAE04EC0-301F-11D3-BF4B-00C04F79EFBC}") = "RDH2.Configuration", "RDH2.Configuration\RDH2.Configuration.csproj", "{834C488C-B087-4B2D-AF78-2EB868541F66}"
EndProject
Project("{FAE04EC0-301F-11D3-BF4B-00C04F79EFBC}") = "RDH2.LockIn", "RDH2.LockIn\RDH2.LockIn.csproj", "{74391535-C877-471B-87DB-8DA18D1716B9}"
EndProject
Project("{FAE04EC0-301F-11D3-BF4B-00C04F79EFBC}") = "RDH2.USB", "RDH2.USB\RDH2.USB.csproj", "{D62B6362-F14E-497E-B473-99818F9FF830}"
EndProject
Project("{2150E333-8FDC-42A3-9474-1A3956D46DE8}") = "4.0", "4.0", "{91BE8BBF-20F3-40D9-BB4C-02EB12010E43}"
EndProject
Project("{FAE04EC0-301F-11D3-BF4B-00C04F79EFBC}") = "RDH2.Web.Mvc", "RDH2.Web.Mvc\RDH2.Web.Mvc.csproj", "{9DC5933D-204B-47D5-ACAF-61D5610D82C3}"
EndProject
Global
	GlobalSection(SubversionScc) = preSolution
		Svn-Managed = True
		Manager = AnkhSVN - Subversion Support for Visual Studio
	EndGlobalSection
	GlobalSection(SolutionConfigurationPlatforms) = preSolution
		Debug|Any CPU = Debug|Any CPU
		Debug|Mixed Platforms = Debug|Mixed Platforms
		Debug|x86 = Debug|x86
		Release|Any CPU = Release|Any CPU
		Release|Mixed Platforms = Release|Mixed Platforms
		Release|x86 = Release|x86
	EndGlobalSection
	GlobalSection(ProjectConfigurationPlatforms) = postSolution
		{2780D88A-7A2B-4B35-BF54-39BB98544E94}.Debug|Any CPU.ActiveCfg = Debug|x86
		{2780D88A-7A2B-4B35-BF54-39BB98544E94}.Debug|Mixed Platforms.ActiveCfg = Debug|x86
		{2780D88A-7A2B-4B35-BF54-39BB98544E94}.Debug|Mixed Platforms.Build.0 = Debug|x86
		{2780D88A-7A2B-4B35-BF54-39BB98544E94}.Debug|x86.ActiveCfg = Debug|x86
		{2780D88A-7A2B-4B35-BF54-39BB98544E94}.Debug|x86.Build.0 = Debug|x86
		{2780D88A-7A2B-4B35-BF54-39BB98544E94}.Release|Any CPU.ActiveCfg = Release|x86
		{2780D88A-7A2B-4B35-BF54-39BB98544E94}.Release|Mixed Platforms.ActiveCfg = Release|x86
		{2780D88A-7A2B-4B35-BF54-39BB98544E94}.Release|Mixed Platforms.Build.0 = Release|x86
		{2780D88A-7A2B-4B35-BF54-39BB98544E94}.Release|x86.ActiveCfg = Release|x86
		{2780D88A-7A2B-4B35-BF54-39BB98544E94}.Release|x86.Build.0 = Release|x86
		{17CD90F5-BB6A-4DC5-82E0-CAE7C5471508}.Debug|Any CPU.ActiveCfg = Debug|Any CPU
		{17CD90F5-BB6A-4DC5-82E0-CAE7C5471508}.Debug|Any CPU.Build.0 = Debug|Any CPU
		{17CD90F5-BB6A-4DC5-82E0-CAE7C5471508}.Debug|Mixed Platforms.ActiveCfg = Debug|Any CPU
		{17CD90F5-BB6A-4DC5-82E0-CAE7C5471508}.Debug|Mixed Platforms.Build.0 = Debug|Any CPU
		{17CD90F5-BB6A-4DC5-82E0-CAE7C5471508}.Debug|x86.ActiveCfg = Debug|Any CPU
		{17CD90F5-BB6A-4DC5-82E0-CAE7C5471508}.Release|Any CPU.ActiveCfg = Release|Any CPU
		{17CD90F5-BB6A-4DC5-82E0-CAE7C5471508}.Release|Any CPU.Build.0 = Release|Any CPU
		{17CD90F5-BB6A-4DC5-82E0-CAE7C5471508}.Release|Mixed Platforms.ActiveCfg = Release|Any CPU
		{17CD90F5-BB6A-4DC5-82E0-CAE7C5471508}.Release|Mixed Platforms.Build.0 = Release|Any CPU
		{17CD90F5-BB6A-4DC5-82E0-CAE7C5471508}.Release|x86.ActiveCfg = Release|Any CPU
		{F0A9386D-DE94-48E7-8447-BBC7682F3771}.Debug|Any CPU.ActiveCfg = Debug|Any CPU
		{F0A9386D-DE94-48E7-8447-BBC7682F3771}.Debug|Any CPU.Build.0 = Debug|Any CPU
		{F0A9386D-DE94-48E7-8447-BBC7682F3771}.Debug|Mixed Platforms.ActiveCfg = Debug|Any CPU
		{F0A9386D-DE94-48E7-8447-BBC7682F3771}.Debug|Mixed Platforms.Build.0 = Debug|Any CPU
		{F0A9386D-DE94-48E7-8447-BBC7682F3771}.Debug|x86.ActiveCfg = Debug|Any CPU
		{F0A9386D-DE94-48E7-8447-BBC7682F3771}.Release|Any CPU.ActiveCfg = Release|Any CPU
		{F0A9386D-DE94-48E7-8447-BBC7682F3771}.Release|Any CPU.Build.0 = Release|Any CPU
		{F0A9386D-DE94-48E7-8447-BBC7682F3771}.Release|Mixed Platforms.ActiveCfg = Release|Any CPU
		{F0A9386D-DE94-48E7-8447-BBC7682F3771}.Release|Mixed Platforms.Build.0 = Release|Any CPU
		{F0A9386D-DE94-48E7-8447-BBC7682F3771}.Release|x86.ActiveCfg = Release|Any CPU
		{85703A32-E1DA-4858-953D-D655FCD2D226}.Debug|Any CPU.ActiveCfg = Debug|Any CPU
		{85703A32-E1DA-4858-953D-D655FCD2D226}.Debug|Any CPU.Build.0 = Debug|Any CPU
		{85703A32-E1DA-4858-953D-D655FCD2D226}.Debug|Mixed Platforms.ActiveCfg = Debug|Any CPU
		{85703A32-E1DA-4858-953D-D655FCD2D226}.Debug|Mixed Platforms.Build.0 = Debug|Any CPU
		{85703A32-E1DA-4858-953D-D655FCD2D226}.Debug|x86.ActiveCfg = Debug|Any CPU
		{85703A32-E1DA-4858-953D-D655FCD2D226}.Release|Any CPU.ActiveCfg = Release|Any CPU
		{85703A32-E1DA-4858-953D-D655FCD2D226}.Release|Any CPU.Build.0 = Release|Any CPU
		{85703A32-E1DA-4858-953D-D655FCD2D226}.Release|Mixed Platforms.ActiveCfg = Release|Any CPU
		{85703A32-E1DA-4858-953D-D655FCD2D226}.Release|Mixed Platforms.Build.0 = Release|Any CPU
		{85703A32-E1DA-4858-953D-D655FCD2D226}.Release|x86.ActiveCfg = Release|Any CPU
		{0E5CE415-F860-4640-9492-E857B0EE76A1}.Debug|Any CPU.ActiveCfg = Debug|Any CPU
		{0E5CE415-F860-4640-9492-E857B0EE76A1}.Debug|Any CPU.Build.0 = Debug|Any CPU
		{0E5CE415-F860-4640-9492-E857B0EE76A1}.Debug|Mixed Platforms.ActiveCfg = Debug|Any CPU
		{0E5CE415-F860-4640-9492-E857B0EE76A1}.Debug|Mixed Platforms.Build.0 = Debug|Any CPU
		{0E5CE415-F860-4640-9492-E857B0EE76A1}.Debug|x86.ActiveCfg = Debug|Any CPU
		{0E5CE415-F860-4640-9492-E857B0EE76A1}.Release|Any CPU.ActiveCfg = Release|Any CPU
		{0E5CE415-F860-4640-9492-E857B0EE76A1}.Release|Any CPU.Build.0 = Release|Any CPU
		{0E5CE415-F860-4640-9492-E857B0EE76A1}.Release|Mixed Platforms.ActiveCfg = Release|Any CPU
		{0E5CE415-F860-4640-9492-E857B0EE76A1}.Release|Mixed Platforms.Build.0 = Release|Any CPU
		{0E5CE415-F860-4640-9492-E857B0EE76A1}.Release|x86.ActiveCfg = Release|Any CPU
		{3368E937-66E2-440A-9589-A74E3EAAA591}.Debug|Any CPU.ActiveCfg = Debug|Any CPU
		{3368E937-66E2-440A-9589-A74E3EAAA591}.Debug|Any CPU.Build.0 = Debug|Any CPU
		{3368E937-66E2-440A-9589-A74E3EAAA591}.Debug|Mixed Platforms.ActiveCfg = Debug|Any CPU
		{3368E937-66E2-440A-9589-A74E3EAAA591}.Debug|Mixed Platforms.Build.0 = Debug|Any CPU
		{3368E937-66E2-440A-9589-A74E3EAAA591}.Debug|x86.ActiveCfg = Debug|Any CPU
		{3368E937-66E2-440A-9589-A74E3EAAA591}.Release|Any CPU.ActiveCfg = Release|Any CPU
		{3368E937-66E2-440A-9589-A74E3EAAA591}.Release|Any CPU.Build.0 = Release|Any CPU
		{3368E937-66E2-440A-9589-A74E3EAAA591}.Release|Mixed Platforms.ActiveCfg = Release|Any CPU
		{3368E937-66E2-440A-9589-A74E3EAAA591}.Release|Mixed Platforms.Build.0 = Release|Any CPU
		{3368E937-66E2-440A-9589-A74E3EAAA591}.Release|x86.ActiveCfg = Release|Any CPU
		{834C488C-B087-4B2D-AF78-2EB868541F66}.Debug|Any CPU.ActiveCfg = Debug|Any CPU
		{834C488C-B087-4B2D-AF78-2EB868541F66}.Debug|Any CPU.Build.0 = Debug|Any CPU
		{834C488C-B087-4B2D-AF78-2EB868541F66}.Debug|Mixed Platforms.ActiveCfg = Debug|Any CPU
		{834C488C-B087-4B2D-AF78-2EB868541F66}.Debug|Mixed Platforms.Build.0 = Debug|Any CPU
		{834C488C-B087-4B2D-AF78-2EB868541F66}.Debug|x86.ActiveCfg = Debug|Any CPU
		{834C488C-B087-4B2D-AF78-2EB868541F66}.Release|Any CPU.ActiveCfg = Release|Any CPU
		{834C488C-B087-4B2D-AF78-2EB868541F66}.Release|Any CPU.Build.0 = Release|Any CPU
		{834C488C-B087-4B2D-AF78-2EB868541F66}.Release|Mixed Platforms.ActiveCfg = Release|Any CPU
		{834C488C-B087-4B2D-AF78-2EB868541F66}.Release|Mixed Platforms.Build.0 = Release|Any CPU
		{834C488C-B087-4B2D-AF78-2EB868541F66}.Release|x86.ActiveCfg = Release|Any CPU
		{74391535-C877-471B-87DB-8DA18D1716B9}.Debug|Any CPU.ActiveCfg = Debug|Any CPU
		{74391535-C877-471B-87DB-8DA18D1716B9}.Debug|Any CPU.Build.0 = Debug|Any CPU
		{74391535-C877-471B-87DB-8DA18D1716B9}.Debug|Mixed Platforms.ActiveCfg = Debug|Any CPU
		{74391535-C877-471B-87DB-8DA18D1716B9}.Debug|Mixed Platforms.Build.0 = Debug|Any CPU
		{74391535-C877-471B-87DB-8DA18D1716B9}.Debug|x86.ActiveCfg = Debug|Any CPU
		{74391535-C877-471B-87DB-8DA18D1716B9}.Release|Any CPU.ActiveCfg = Release|Any CPU
		{74391535-C877-471B-87DB-8DA18D1716B9}.Release|Any CPU.Build.0 = Release|Any CPU
		{74391535-C877-471B-87DB-8DA18D1716B9}.Release|Mixed Platforms.ActiveCfg = Release|Any CPU
		{74391535-C877-471B-87DB-8DA18D1716B9}.Release|Mixed Platforms.Build.0 = Release|Any CPU
		{74391535-C877-471B-87DB-8DA18D1716B9}.Release|x86.ActiveCfg = Release|Any CPU
		{D62B6362-F14E-497E-B473-99818F9FF830}.Debug|Any CPU.ActiveCfg = Debug|Any CPU
		{D62B6362-F14E-497E-B473-99818F9FF830}.Debug|Any CPU.Build.0 = Debug|Any CPU
		{D62B6362-F14E-497E-B473-99818F9FF830}.Debug|Mixed Platforms.ActiveCfg = Debug|Any CPU
		{D62B6362-F14E-497E-B473-99818F9FF830}.Debug|Mixed Platforms.Build.0 = Debug|Any CPU
		{D62B6362-F14E-497E-B473-99818F9FF830}.Debug|x86.ActiveCfg = Debug|Any CPU
		{D62B6362-F14E-497E-B473-99818F9FF830}.Release|Any CPU.ActiveCfg = Release|Any CPU
		{D62B6362-F14E-497E-B473-99818F9FF830}.Release|Any CPU.Build.0 = Release|Any CPU
		{D62B6362-F14E-497E-B473-99818F9FF830}.Release|Mixed Platforms.ActiveCfg = Release|Any CPU
		{D62B6362-F14E-497E-B473-99818F9FF830}.Release|Mixed Platforms.Build.0 = Release|Any CPU
		{D62B6362-F14E-497E-B473-99818F9FF830}.Release|x86.ActiveCfg = Release|Any CPU
		{9DC5933D-204B-47D5-ACAF-61D5610D82C3}.Debug|Any CPU.ActiveCfg = Debug|Any CPU
		{9DC5933D-204B-47D5-ACAF-61D5610D82C3}.Debug|Any CPU.Build.0 = Debug|Any CPU
		{9DC5933D-204B-47D5-ACAF-61D5610D82C3}.Debug|Mixed Platforms.ActiveCfg = Debug|Any CPU
		{9DC5933D-204B-47D5-ACAF-61D5610D82C3}.Debug|Mixed Platforms.Build.0 = Debug|Any CPU
		{9DC5933D-204B-47D5-ACAF-61D5610D82C3}.Debug|x86.ActiveCfg = Debug|Any CPU
		{9DC5933D-204B-47D5-ACAF-61D5610D82C3}.Release|Any CPU.ActiveCfg = Release|Any CPU
		{9DC5933D-204B-47D5-ACAF-61D5610D82C3}.Release|Any CPU.Build.0 = Release|Any CPU
		{9DC5933D-204B-47D5-ACAF-61D5610D82C3}.Release|Mixed Platforms.ActiveCfg = Release|Any CPU
		{9DC5933D-204B-47D5-ACAF-61D5610D82C3}.Release|Mixed Platforms.Build.0 = Release|Any CPU
		{9DC5933D-204B-47D5-ACAF-61D5610D82C3}.Release|x86.ActiveCfg = Release|Any CPU
	EndGlobalSection
	GlobalSection(SolutionProperties) = preSolution
		HideSolutionNode = FALSE
	EndGlobalSection
	GlobalSection(NestedProjects) = preSolution
		{2780D88A-7A2B-4B35-BF54-39BB98544E94} = {8D6B8484-4026-4EDA-9783-163833659F26}
		{17CD90F5-BB6A-4DC5-82E0-CAE7C5471508} = {8D6B8484-4026-4EDA-9783-163833659F26}
		{F0A9386D-DE94-48E7-8447-BBC7682F3771} = {8D6B8484-4026-4EDA-9783-163833659F26}
		{85703A32-E1DA-4858-953D-D655FCD2D226} = {BD387EB2-2BDB-407A-907D-87E5CB9529EB}
		{0E5CE415-F860-4640-9492-E857B0EE76A1} = {BD387EB2-2BDB-407A-907D-87E5CB9529EB}
		{3368E937-66E2-440A-9589-A74E3EAAA591} = {BD387EB2-2BDB-407A-907D-87E5CB9529EB}
		{834C488C-B087-4B2D-AF78-2EB868541F66} = {BD387EB2-2BDB-407A-907D-87E5CB9529EB}
		{74391535-C877-471B-87DB-8DA18D1716B9} = {BD387EB2-2BDB-407A-907D-87E5CB9529EB}
		{D62B6362-F14E-497E-B473-99818F9FF830} = {BD387EB2-2BDB-407A-907D-87E5CB9529EB}
		{9DC5933D-204B-47D5-ACAF-61D5610D82C3} = {91BE8BBF-20F3-40D9-BB4C-02EB12010E43}
	EndGlobalSection
EndGlobal
